<?xml version="1.0" encoding="utf-8"?>
<Project ToolsVersion="4.0" xmlns="http://schemas.microsoft.com/developer/msbuild/2003">
  <ItemGroup>
    <Filter Include="Resource Files">
      <UniqueIdentifier>{67DA6AB6-F800-4c08-8B7A-83BB121AAD01}</UniqueIdentifier>
      <Extensions>rc;ico;cur;bmp;dlg;rc2;rct;bin;rgs;gif;jpg;jpeg;jpe;resx;tiff;tif;png;wav;mfcribbon-ms</Extensions>
    </Filter>
    <Filter Include="Resource Files\engine">
      <UniqueIdentifier>{972ca6b5-b566-47a1-b6e5-5cd538d7268c}</UniqueIdentifier>
    </Filter>
    <Filter Include="Resource Files\engine\emoji">
      <UniqueIdentifier>{c78472e3-c4e0-4506-9bf9-9472da31c6ad}</UniqueIdentifier>
    </Filter>
    <Filter Include="Resource Files\engine\font">
      <UniqueIdentifier>{ce7c63eb-41c4-4772-8a5e-d693e6bd0941}</UniqueIdentifier>
    </Filter>
    <Filter Include="Resource Files\engine\shader">
      <UniqueIdentifier>{e1d14020-7d02-42c7-8b66-f3b6ad353f1b}</UniqueIdentifier>
    </Filter>
    <Filter Include="Resource Files\engine\texture">
      <UniqueIdentifier>{aae3423c-3e89-49de-a0a9-fe3b2894757f}</UniqueIdentifier>
    </Filter>
    <Filter Include="Resource Files\engine\font\fontawesome">
      <UniqueIdentifier>{da508b0f-cfdf-4e4d-aeda-47be86a1bcb3}</UniqueIdentifier>
    </Filter>
    <Filter Include="Resource Files\engine\font\mplus">
      <UniqueIdentifier>{2902a225-0400-46b0-b372-4af9b723a698}</UniqueIdentifier>
    </Filter>
    <Filter Include="Resource Files\engine\font\noto">
      <UniqueIdentifier>{35772d4b-7a5b-4b92-af70-a7fde678b554}</UniqueIdentifier>
    </Filter>
    <Filter Include="Resource Files\engine\texture\box-shadow">
      <UniqueIdentifier>{cb012b1d-99ec-4d07-9383-ca0c0dc07cdc}</UniqueIdentifier>
    </Filter>
    <Filter Include="Resource Files\engine\objdetect">
      <UniqueIdentifier>{84ef0b75-f6af-436f-999c-73dc7a6f5bef}</UniqueIdentifier>
    </Filter>
    <Filter Include="Resource Files\engine\soundfont">
      <UniqueIdentifier>{15aded12-f7a3-43d1-8511-e4ad812b7816}</UniqueIdentifier>
    </Filter>
    <Filter Include="Resource Files\engine\objdetect\haarcascade">
      <UniqueIdentifier>{e3d7a277-272a-4561-b375-8f74e98bcfeb}</UniqueIdentifier>
    </Filter>
    <Filter Include="sknjpn">
      <UniqueIdentifier>{3e04fff1-82a1-4a05-bb7e-0e4029bc3870}</UniqueIdentifier>
    </Filter>
    <Filter Include="sknjpn\Title">
      <UniqueIdentifier>{3be8f414-c015-4680-b24c-72a2afbf8020}</UniqueIdentifier>
    </Filter>
    <Filter Include="sknjpn\Game">
      <UniqueIdentifier>{680f1706-9a91-4e9d-b90c-a5925ddd70b1}</UniqueIdentifier>
    </Filter>
    <Filter Include="sknjpn\Utility">
      <UniqueIdentifier>{779b787a-b952-4523-83d3-7c12ff4da800}</UniqueIdentifier>
    </Filter>
    <Filter Include="sknjpn\Game\Field">
      <UniqueIdentifier>{ca6b9c29-546b-45a7-86f4-118093917c72}</UniqueIdentifier>
    </Filter>
    <Filter Include="sknjpn\Game\Field\Building">
      <UniqueIdentifier>{5e5d1b8d-a472-448e-b99b-912c94d9bdaf}</UniqueIdentifier>
    </Filter>
    <Filter Include="sknjpn\Game\Field\Building\Equipment">
      <UniqueIdentifier>{74206b98-b3e0-43e3-831b-55d8ca7095c5}</UniqueIdentifier>
    </Filter>
    <Filter Include="sknjpn\Game\Field\Agent">
      <UniqueIdentifier>{c811778d-287a-4777-9914-742d488d4661}</UniqueIdentifier>
    </Filter>
    <Filter Include="sknjpn\Game\Field\Road">
      <UniqueIdentifier>{9a842702-0248-4db7-96af-c8fc9e04e963}</UniqueIdentifier>
    </Filter>
    <Filter Include="sknjpn\Game\Field\Builder">
      <UniqueIdentifier>{fb8348a3-5fee-4cbf-b96a-5e0f38e5903e}</UniqueIdentifier>
    </Filter>
    <Filter Include="sknjpn\Game\Menu">
      <UniqueIdentifier>{7e7bebfd-f1b1-4f97-a0b3-952392fa1c15}</UniqueIdentifier>
    </Filter>
  </ItemGroup>
  <ItemGroup>
    <Image Include="App\icon.ico">
      <Filter>Resource Files</Filter>
    </Image>
    <Image Include="App\engine\texture\box-shadow\128.png">
      <Filter>Resource Files\engine\texture\box-shadow</Filter>
    </Image>
    <Image Include="App\engine\texture\box-shadow\256.png">
      <Filter>Resource Files\engine\texture\box-shadow</Filter>
    </Image>
    <Image Include="App\engine\texture\box-shadow\8.png">
      <Filter>Resource Files\engine\texture\box-shadow</Filter>
    </Image>
    <Image Include="App\engine\texture\box-shadow\16.png">
      <Filter>Resource Files\engine\texture\box-shadow</Filter>
    </Image>
    <Image Include="App\engine\texture\box-shadow\32.png">
      <Filter>Resource Files\engine\texture\box-shadow</Filter>
    </Image>
    <Image Include="App\engine\texture\box-shadow\64.png">
      <Filter>Resource Files\engine\texture\box-shadow</Filter>
    </Image>
  </ItemGroup>
  <ItemGroup>
    <ResourceCompile Include="App\Resource.rc">
      <Filter>Resource Files</Filter>
    </ResourceCompile>
  </ItemGroup>
  <ItemGroup>
    <None Include="App\engine\emoji\noto7_dictionary.dat">
      <Filter>Resource Files\engine\emoji</Filter>
    </None>
    <None Include="App\engine\font\mplus\mplus-1p-black.ttf.zst">
      <Filter>Resource Files\engine\font\mplus</Filter>
    </None>
    <None Include="App\engine\font\mplus\mplus-1p-bold.ttf.zst">
      <Filter>Resource Files\engine\font\mplus</Filter>
    </None>
    <None Include="App\engine\font\mplus\mplus-1p-heavy.ttf.zst">
      <Filter>Resource Files\engine\font\mplus</Filter>
    </None>
    <None Include="App\engine\font\mplus\mplus-1p-light.ttf.zst">
      <Filter>Resource Files\engine\font\mplus</Filter>
    </None>
    <None Include="App\engine\font\mplus\mplus-1p-medium.ttf.zst">
      <Filter>Resource Files\engine\font\mplus</Filter>
    </None>
    <None Include="App\engine\font\mplus\mplus-1p-regular.ttf.zst">
      <Filter>Resource Files\engine\font\mplus</Filter>
    </None>
    <None Include="App\engine\font\mplus\mplus-1p-thin.ttf.zst">
      <Filter>Resource Files\engine\font\mplus</Filter>
    </None>
    <None Include="App\engine\font\mplus\LICENSE_E">
      <Filter>Resource Files\engine\font\mplus</Filter>
    </None>
    <None Include="App\engine\font\noto\NotoColorEmoji.ttf.zst">
      <Filter>Resource Files\engine\font\noto</Filter>
    </None>
    <None Include="App\engine\font\noto\NotoEmoji-Regular.ttf.zst">
      <Filter>Resource Files\engine\font\noto</Filter>
    </None>
    <None Include="App\engine\shader\line_round_dot.ps">
      <Filter>Resource Files\engine\shader</Filter>
    </None>
    <None Include="App\engine\shader\shape.ps">
      <Filter>Resource Files\engine\shader</Filter>
    </None>
    <None Include="App\engine\shader\sprite.ps">
      <Filter>Resource Files\engine\shader</Filter>
    </None>
    <None Include="App\engine\shader\sprite.vs">
      <Filter>Resource Files\engine\shader</Filter>
    </None>
    <None Include="App\engine\shader\sprite_sdf.ps">
      <Filter>Resource Files\engine\shader</Filter>
    </None>
    <None Include="App\engine\shader\line_dot.ps">
      <Filter>Resource Files\engine\shader</Filter>
    </None>
    <None Include="App\engine\font\fontawesome\brands.otf.zst">
      <Filter>Resource Files\engine\font\fontawesome</Filter>
    </None>
    <None Include="App\engine\font\fontawesome\solid.otf.zst">
      <Filter>Resource Files\engine\font\fontawesome</Filter>
    </None>
    <None Include="App\engine\objdetect\haarcascade\eye_eyeglasses.xml.zst">
      <Filter>Resource Files\engine\objdetect\haarcascade</Filter>
    </None>
    <None Include="App\engine\objdetect\haarcascade\face_anime.xml.zst">
      <Filter>Resource Files\engine\objdetect\haarcascade</Filter>
    </None>
    <None Include="App\engine\objdetect\haarcascade\frontal_catface.xml.zst">
      <Filter>Resource Files\engine\objdetect\haarcascade</Filter>
    </None>
    <None Include="App\engine\objdetect\haarcascade\frontal_face_alt2.xml.zst">
      <Filter>Resource Files\engine\objdetect\haarcascade</Filter>
    </None>
    <None Include="App\engine\objdetect\haarcascade\eye.xml.zst">
      <Filter>Resource Files\engine\objdetect\haarcascade</Filter>
    </None>
    <None Include="App\engine\soundfont\GMGSx.sf2.zst">
      <Filter>Resource Files\engine\soundfont</Filter>
    </None>
  </ItemGroup>
  <ItemGroup>
    <Text Include="App\engine\font\noto\LICENSE_OFL.txt">
      <Filter>Resource Files\engine\font\noto</Filter>
    </Text>
    <Text Include="App\engine\font\fontawesome\LICENSE.txt">
      <Filter>Resource Files\engine\font\fontawesome</Filter>
    </Text>
  </ItemGroup>
  <ItemGroup>
    <ClCompile Include="Main.cpp" />
    <ClCompile Include="stdafx.cpp" />
    <ClCompile Include="Field.cpp">
      <Filter>sknjpn\Game\Field</Filter>
    </ClCompile>
    <ClCompile Include="Scene_Game.cpp">
      <Filter>sknjpn\Game</Filter>
    </ClCompile>
    <ClCompile Include="SceneManager.cpp">
      <Filter>sknjpn</Filter>
    </ClCompile>
    <ClCompile Include="Builder_Road.cpp">
      <Filter>sknjpn\Game\Field\Builder</Filter>
    </ClCompile>
    <ClCompile Include="Node.cpp">
      <Filter>sknjpn\Game\Field\Road</Filter>
    </ClCompile>
    <ClCompile Include="Path.cpp">
      <Filter>sknjpn\Game\Field\Road</Filter>
    </ClCompile>
    <ClCompile Include="Camera.cpp">
      <Filter>sknjpn\Game\Field</Filter>
    </ClCompile>
    <ClCompile Include="Builder_Building.cpp">
      <Filter>sknjpn\Game\Field\Builder</Filter>
    </ClCompile>
    <ClCompile Include="Building.cpp">
      <Filter>sknjpn\Game\Field\Building</Filter>
    </ClCompile>
    <ClCompile Include="Job_Farmer.cpp">
      <Filter>sknjpn\Game\Field\Agent</Filter>
    </ClCompile>
    <ClCompile Include="Job_Baker.cpp">
      <Filter>sknjpn\Game\Field\Agent</Filter>
    </ClCompile>
    <ClCompile Include="Factory.cpp">
      <Filter>sknjpn\Game\Field</Filter>
    </ClCompile>
    <ClCompile Include="Equipment.cpp">
      <Filter>sknjpn\Game\Field\Building\Equipment</Filter>
    </ClCompile>
    <ClCompile Include="Road.cpp">
      <Filter>sknjpn\Game\Field\Road</Filter>
    </ClCompile>
    <ClCompile Include="Sample.cpp">
      <Filter>sknjpn\Game\Field\Builder</Filter>
    </ClCompile>
    <ClCompile Include="Builder.cpp" />
    <ClCompile Include="Agent.cpp">
      <Filter>sknjpn\Game\Field\Agent</Filter>
    </ClCompile>
    <ClCompile Include="Menu.cpp">
      <Filter>sknjpn\Game\Menu</Filter>
    </ClCompile>
    <ClCompile Include="Button.cpp">
      <Filter>sknjpn\Game\Menu</Filter>
    </ClCompile>
    <ClCompile Include="Button_Building.cpp">
      <Filter>sknjpn\Game\Menu</Filter>
    </ClCompile>
    <ClCompile Include="Button_Quit.cpp">
      <Filter>sknjpn\Game\Menu</Filter>
    </ClCompile>
    <ClCompile Include="Button_Road.cpp">
      <Filter>sknjpn\Game\Menu</Filter>
    </ClCompile>
  </ItemGroup>
  <ItemGroup>
    <ClInclude Include="stdafx.h" />
    <ClInclude Include="SceneManager.h">
      <Filter>sknjpn</Filter>
    </ClInclude>
    <ClInclude Include="Scene.h">
      <Filter>sknjpn</Filter>
    </ClInclude>
    <ClInclude Include="Field.h">
      <Filter>sknjpn\Game\Field</Filter>
    </ClInclude>
    <ClInclude Include="Agent.h">
      <Filter>sknjpn\Game\Field\Agent</Filter>
    </ClInclude>
    <ClInclude Include="Node.h">
      <Filter>sknjpn\Game\Field\Road</Filter>
    </ClInclude>
    <ClInclude Include="Path.h">
      <Filter>sknjpn\Game\Field\Road</Filter>
    </ClInclude>
    <ClInclude Include="Drawable.h">
      <Filter>sknjpn\Utility</Filter>
    </ClInclude>
    <ClInclude Include="Transform.h">
      <Filter>sknjpn\Utility</Filter>
    </ClInclude>
    <ClInclude Include="Building.h">
      <Filter>sknjpn\Game\Field\Building</Filter>
    </ClInclude>
    <ClInclude Include="Builder.h">
      <Filter>sknjpn\Game\Field\Builder</Filter>
    </ClInclude>
    <ClInclude Include="Builder_Building.h">
      <Filter>sknjpn\Game\Field\Builder</Filter>
    </ClInclude>
    <ClInclude Include="Builder_Road.h">
      <Filter>sknjpn\Game\Field\Builder</Filter>
    </ClInclude>
    <ClInclude Include="Scene_Game.h">
      <Filter>sknjpn\Game</Filter>
    </ClInclude>
    <ClInclude Include="Scene_Title.h">
      <Filter>sknjpn\Title</Filter>
    </ClInclude>
    <ClInclude Include="Camera.h">
      <Filter>sknjpn\Game\Field</Filter>
    </ClInclude>
    <ClInclude Include="Equipment.h">
      <Filter>sknjpn\Game\Field\Building\Equipment</Filter>
    </ClInclude>
    <ClInclude Include="Sample.h">
      <Filter>sknjpn\Game\Field\Builder</Filter>
    </ClInclude>
    <ClInclude Include="Job.h">
      <Filter>sknjpn\Game\Field\Agent</Filter>
    </ClInclude>
    <ClInclude Include="Job_Farmer.h">
      <Filter>sknjpn\Game\Field\Agent</Filter>
    </ClInclude>
    <ClInclude Include="Job_Baker.h">
      <Filter>sknjpn\Game\Field\Agent</Filter>
    </ClInclude>
    <ClInclude Include="Factory.h">
      <Filter>sknjpn\Game\Field</Filter>
    </ClInclude>
    <ClInclude Include="Equipment_Bed.h">
      <Filter>sknjpn\Game\Field\Building\Equipment</Filter>
    </ClInclude>
    <ClInclude Include="Equipment_Interior.h">
      <Filter>sknjpn\Game\Field\Building\Equipment</Filter>
    </ClInclude>
    <ClInclude Include="Road.h">
      <Filter>sknjpn\Game\Field\Road</Filter>
    </ClInclude>
    <ClInclude Include="Sample_Building.h">
      <Filter>sknjpn\Game\Field\Builder</Filter>
    </ClInclude>
    <ClInclude Include="Sample_Road.h">
      <Filter>sknjpn\Game\Field\Builder</Filter>
    </ClInclude>
    <ClInclude Include="Menu.h">
      <Filter>sknjpn\Game\Menu</Filter>
    </ClInclude>
    <ClInclude Include="Button.h">
      <Filter>sknjpn\Game\Menu</Filter>
    </ClInclude>
    <ClInclude Include="Button_Road.h">
      <Filter>sknjpn\Game\Menu</Filter>
    </ClInclude>
    <ClInclude Include="Button_Building.h">
      <Filter>sknjpn\Game\Menu</Filter>
    </ClInclude>
    <ClInclude Include="Button_Quit.h">
      <Filter>sknjpn\Game\Menu</Filter>
    </ClInclude>
  </ItemGroup>
</Project>