<?xml version="1.0" encoding="utf-8"?>
<Project ToolsVersion="4.0" xmlns="http://schemas.microsoft.com/developer/msbuild/2003">
  <ItemGroup>
    <None Include="App\data\data.json" />
  </ItemGroup>
  <ItemGroup>
    <ClCompile Include="Main.cpp" />
    <ClCompile Include="AgentVisitor.cpp" />
    <ClCompile Include="Balloon.cpp" />
    <ClCompile Include="BuilderBuilding.cpp" />
    <ClCompile Include="BuilderRoad.cpp" />
    <ClCompile Include="Building.cpp" />
    <ClCompile Include="BuildingHouse.cpp" />
    <ClCompile Include="Camera.cpp" />
    <ClCompile Include="Clock.cpp" />
    <ClCompile Include="Equipment.cpp" />
    <ClCompile Include="EquipmentBed.cpp" />
    <ClCompile Include="EquipmentInterior.cpp" />
    <ClCompile Include="EquipmentStorage.cpp" />
    <ClCompile Include="Factory.cpp" />
    <ClCompile Include="Game.cpp" />
    <ClCompile Include="Inventry.cpp" />
    <ClCompile Include="Item.cpp" />
    <ClCompile Include="JobBaker.cpp" />
    <ClCompile Include="JobFarmer.cpp" />
    <ClCompile Include="Main.cpp" />
    <ClCompile Include="Pouch.cpp" />
    <ClCompile Include="Road.cpp" />
    <ClCompile Include="SceneGame.cpp" />
    <ClCompile Include="SceneManager.cpp" />
    <ClCompile Include="SceneTitle.cpp" />
    <ClCompile Include="stdafx.cpp" />
    <ClCompile Include="TaskMove.cpp" />
    <ClCompile Include="TaskWait.cpp" />
    <ClCompile Include="Transform.cpp" />
    <ClCompile Include="Village.cpp" />
    <ClCompile Include="Agent.cpp" />
    <ClCompile Include="AgentPlayer.cpp" />
    <ClCompile Include="AgentVillager.cpp" />
  </ItemGroup>
  <ItemGroup>
    <ClInclude Include="Agent.h" />
    <ClInclude Include="AgentPlayer.h" />
    <ClInclude Include="AgentVillager.h" />
    <ClInclude Include="AgentVisitor.h" />
    <ClInclude Include="Balloon.h" />
    <ClInclude Include="Builder.h" />
    <ClInclude Include="BuilderBuilding.h" />
    <ClInclude Include="BuilderRoad.h" />
    <ClInclude Include="Building.h" />
    <ClInclude Include="BuildingHouse.h" />
    <ClInclude Include="Camera.h" />
    <ClInclude Include="Clock.h" />
    <ClInclude Include="Equipment.h" />
    <ClInclude Include="EquipmentBed.h" />
    <ClInclude Include="EquipmentInterior.h" />
    <ClInclude Include="EquipmentStorage.h" />
    <ClInclude Include="Factory.h" />
    <ClInclude Include="Game.h" />
    <ClInclude Include="Inventry.h" />
    <ClInclude Include="Item.h" />
    <ClInclude Include="Job.h" />
    <ClInclude Include="JobBaker.h" />
    <ClInclude Include="JobFarmer.h" />
    <ClInclude Include="Pouch.h" />
    <ClInclude Include="Road.h" />
    <ClInclude Include="Scene.h" />
    <ClInclude Include="SceneGame.h" />
    <ClInclude Include="SceneManager.h" />
    <ClInclude Include="SceneTitle.h" />
    <ClInclude Include="stdafx.h" />
    <ClInclude Include="Task.h" />
    <ClInclude Include="TaskMove.h" />
    <ClInclude Include="TaskWait.h" />
    <ClInclude Include="Transform.h" />
    <ClInclude Include="Uncopyable.h" />
    <ClInclude Include="Village.h" />
  </ItemGroup>
</Project>